slug: ai-nowa-design-record-v03
article_path: articles/ai-nowa-design-record-v03.md
article_sha256: befd9a168e13039e3ac96c099a5850e527c70ed2305745e285176b792e21783d
audited_at: 2026-05-17T00:13:00+09:00
auditor: kagura_aoi
verdict: ok
conditions: []
notes: "slug追加・topics統一（メタデータのみ変更）により再発行。本文内容は初回監査と同一。SHA-256照合済み（カイ報告値と一致確認）。"
